
Microsoft Visual Studio Solution File, Format Version 12.00
# Visual Studio Version 16
VisualStudioVersion = 16.0.29709.97
MinimumVisualStudioVersion = 10.0.40219.1
Project("{FAE04EC0-301F-11D3-BF4B-00C04F79EFBC}") = "SharpListPractice", "SharpListPractice.csproj", "{D14C39A0-E7B6-4B88-BD9E-6217DFC455E1}"
EndProject
Global
	GlobalSection(SolutionConfigurationPlatforms) = preSolution
		Debug|Any CPU = Debug|Any CPU
		Release|Any CPU = Release|Any CPU
	EndGlobalSection
	GlobalSection(ProjectConfigurationPlatforms) = postSolution
		{D14C39A0-E7B6-4B88-BD9E-6217DFC455E1}.Debug|Any CPU.ActiveCfg = Debug|Any CPU
		{D14C39A0-E7B6-4B88-BD9E-6217DFC455E1}.Debug|Any CPU.Build.0 = Debug|Any CPU
		{D14C39A0-E7B6-4B88-BD9E-6217DFC455E1}.Release|Any CPU.ActiveCfg = Release|Any CPU
		{D14C39A0-E7B6-4B88-BD9E-6217DFC455E1}.Release|Any CPU.Build.0 = Release|Any CPU
	EndGlobalSection
	GlobalSection(SolutionProperties) = preSolution
		HideSolutionNode = FALSE
	EndGlobalSection
	GlobalSection(ExtensibilityGlobals) = postSolution
		SolutionGuid = {141296F8-3057-4F53-8487-894FC3DD3001}
	EndGlobalSection
EndGlobal
